{
    "_meta": {
        "hash": {
            "sha256": "5abc77cfb0fc18a9c36c1fff3b90a706a5ba0d03afd599c491ab45bde6a4a984"
        },
        "pipfile-spec": 6,
        "requires": {
            "python_version": "3.6"
        },
        "sources": [
            {
                "name": "pypi",
                "url": "https://pypi.org/simple",
                "verify_ssl": true
            }
        ]
    },
    "default": {
        "graphviz": {
            "hashes": [
                "sha256:310bacfb969f0ac7c872610500e017c3e82b24a8abd33d289e99af162de30cb8",
                "sha256:865afa6ab9775cf29db03abd8e571a164042c726c35a1b3c1e2b8c4c645e2993"
            ],
            "index": "pypi",
            "version": "==0.9"
        }
    },
    "develop": {}
}
